// !$*UTF8*$!
{
	archiveVersion = 1;
	classes = {
	};
	objectVersion = 55;
	objects = {

/* Begin PBXBuildFile section */
		4B2E665C2758A9B8002D6278 /* itunesApp.swift in Sources */ = {isa = PBXBuildFile; fileRef = 4B2E665B2758A9B8002D6278 /* itunesApp.swift */; };
		4B2E665E2758A9B8002D6278 /* ContentView.swift in Sources */ = {isa = PBXBuildFile; fileRef = 4B2E665D2758A9B8002D6278 /* ContentView.swift */; };
		4B2E66602758A9BB002D6278 /* Assets.xcassets in Resources */ = {isa = PBXBuildFile; fileRef = 4B2E665F2758A9BB002D6278 /* Assets.xcassets */; };
		4B2E66632758A9BB002D6278 /* Preview Assets.xcassets in Resources */ = {isa = PBXBuildFile; fileRef = 4B2E66622758A9BB002D6278 /* Preview Assets.xcassets */; };
		4B2E66772758A9BB002D6278 /* itunesUITests.swift in Sources */ = {isa = PBXBuildFile; fileRef = 4B2E66762758A9BB002D6278 /* itunesUITests.swift */; };
		4B2E66792758A9BB002D6278 /* itunesUITestsLaunchTests.swift in Sources */ = {isa = PBXBuildFile; fileRef = 4B2E66782758A9BB002D6278 /* itunesUITestsLaunchTests.swift */; };
		4BE460152758B0EA002680FF /* ItemsStructTests.swift in Sources */ = {isa = PBXBuildFile; fileRef = 4BE460142758B0EA002680FF /* ItemsStructTests.swift */; };
		4BE460182758B22C002680FF /* Items.swift in Sources */ = {isa = PBXBuildFile; fileRef = 4BE460172758B22C002680FF /* Items.swift */; };
		4BE4601B2758B491002680FF /* Alamofire in Frameworks */ = {isa = PBXBuildFile; productRef = 4BE4601A2758B491002680FF /* Alamofire */; };
/* End PBXBuildFile section */

/* Begin PBXContainerItemProxy section */
		4B2E66692758A9BB002D6278 /* PBXContainerItemProxy */ = {
			isa = PBXContainerItemProxy;
			containerPortal = 4B2E66502758A9B8002D6278 /* Project object */;
			proxyType = 1;
			remoteGlobalIDString = 4B2E66572758A9B8002D6278;
			remoteInfo = itunes;
		};
		4B2E66732758A9BB002D6278 /* PBXContainerItemProxy */ = {
			isa = PBXContainerItemProxy;
			containerPortal = 4B2E66502758A9B8002D6278 /* Project object */;
			proxyType = 1;
			remoteGlobalIDString = 4B2E66572758A9B8002D6278;
			remoteInfo = itunes;
		};
/* End PBXContainerItemProxy section */

/* Begin PBXFileReference section */
		4B2E66582758A9B8002D6278 /* itunes.app */ = {isa = PBXFileReference; explicitFileType = wrapper.application; includeInIndex = 0; path = itunes.app; sourceTree = BUILT_PRODUCTS_DIR; };
		4B2E665B2758A9B8002D6278 /* itunesApp.swift */ = {isa = PBXFileReference; lastKnownFileType = sourcecode.swift; path = itunesApp.swift; sourceTree = "<group>"; };
		4B2E665D2758A9B8002D6278 /* ContentView.swift */ = {isa = PBXFileReference; lastKnownFileType = sourcecode.swift; path = ContentView.swift; sourceTree = "<group>"; };
		4B2E665F2758A9BB002D6278 /* Assets.xcassets */ = {isa = PBXFileReference; lastKnownFileType = folder.assetcatalog; path = Assets.xcassets; sourceTree = "<group>"; };
		4B2E66622758A9BB002D6278 /* Preview Assets.xcassets */ = {isa = PBXFileReference; lastKnownFileType = folder.assetcatalog; path = "Preview Assets.xcassets"; sourceTree = "<group>"; };
		4B2E66682758A9BB002D6278 /* itunesTests.xctest */ = {isa = PBXFileReference; explicitFileType = wrapper.cfbundle; includeInIndex = 0; path = itunesTests.xctest; sourceTree = BUILT_PRODUCTS_DIR; };
		4B2E66722758A9BB002D6278 /* itunesUITests.xctest */ = {isa = PBXFileReference; explicitFileType = wrapper.cfbundle; includeInIndex = 0; path = itunesUITests.xctest; sourceTree = BUILT_PRODUCTS_DIR; };
		4B2E66762758A9BB002D6278 /* itunesUITests.swift */ = {isa = PBXFileReference; lastKnownFileType = sourcecode.swift; path = itunesUITests.swift; sourceTree = "<group>"; };
		4B2E66782758A9BB002D6278 /* itunesUITestsLaunchTests.swift */ = {isa = PBXFileReference; lastKnownFileType = sourcecode.swift; path = itunesUITestsLaunchTests.swift; sourceTree = "<group>"; };
		4BE460142758B0EA002680FF /* ItemsStructTests.swift */ = {isa = PBXFileReference; lastKnownFileType = sourcecode.swift; path = ItemsStructTests.swift; sourceTree = "<group>"; };
		4BE460172758B22C002680FF /* Items.swift */ = {isa = PBXFileReference; lastKnownFileType = sourcecode.swift; path = Items.swift; sourceTree = "<group>"; };
/* End PBXFileReference section */

/* Begin PBXFrameworksBuildPhase section */
		4B2E66552758A9B8002D6278 /* Frameworks */ = {
			isa = PBXFrameworksBuildPhase;
			buildActionMask = 2147483647;
			files = (
				4BE4601B2758B491002680FF /* Alamofire in Frameworks */,
			);
			runOnlyForDeploymentPostprocessing = 0;
		};
		4B2E66652758A9BB002D6278 /* Frameworks */ = {
			isa = PBXFrameworksBuildPhase;
			buildActionMask = 2147483647;
			files = (
			);
			runOnlyForDeploymentPostprocessing = 0;
		};
		4B2E666F2758A9BB002D6278 /* Frameworks */ = {
			isa = PBXFrameworksBuildPhase;
			buildActionMask = 2147483647;
			files = (
			);
			runOnlyForDeploymentPostprocessing = 0;
		};
/* End PBXFrameworksBuildPhase section */

/* Begin PBXGroup section */
		4B2E664F2758A9B8002D6278 = {
			isa = PBXGroup;
			children = (
				4B2E665A2758A9B8002D6278 /* itunes */,
				4B2E666B2758A9BB002D6278 /* itunesTests */,
				4B2E66752758A9BB002D6278 /* itunesUITests */,
				4B2E66592758A9B8002D6278 /* Products */,
			);
			sourceTree = "<group>";
		};
		4B2E66592758A9B8002D6278 /* Products */ = {
			isa = PBXGroup;
			children = (
				4B2E66582758A9B8002D6278 /* itunes.app */,
				4B2E66682758A9BB002D6278 /* itunesTests.xctest */,
				4B2E66722758A9BB002D6278 /* itunesUITests.xctest */,
			);
			name = Products;
			sourceTree = "<group>";
		};
		4B2E665A2758A9B8002D6278 /* itunes */ = {
			isa = PBXGroup;
			children = (
				4BE460162758B213002680FF /* Models */,
				4B2E665B2758A9B8002D6278 /* itunesApp.swift */,
				4B2E665D2758A9B8002D6278 /* ContentView.swift */,
				4B2E665F2758A9BB002D6278 /* Assets.xcassets */,
				4B2E66612758A9BB002D6278 /* Preview Content */,
			);
			path = itunes;
			sourceTree = "<group>";
		};
		4B2E66612758A9BB002D6278 /* Preview Content */ = {
			isa = PBXGroup;
			children = (
				4B2E66622758A9BB002D6278 /* Preview Assets.xcassets */,
			);
			path = "Preview Content";
			sourceTree = "<group>";
		};
		4B2E666B2758A9BB002D6278 /* itunesTests */ = {
			isa = PBXGroup;
			children = (
				4BE460142758B0EA002680FF /* ItemsStructTests.swift */,
			);
			path = itunesTests;
			sourceTree = "<group>";
		};
		4B2E66752758A9BB002D6278 /* itunesUITests */ = {
			isa = PBXGroup;
			children = (
				4B2E66762758A9BB002D6278 /* itunesUITests.swift */,
				4B2E66782758A9BB002D6278 /* itunesUITestsLaunchTests.swift */,
			);
			path = itunesUITests;
			sourceTree = "<group>";
		};
		4BE460162758B213002680FF /* Models */ = {
			isa = PBXGroup;
			children = (
				4BE460172758B22C002680FF /* Items.swift */,
			);
			path = Models;
			sourceTree = "<group>";
		};
/* End PBXGroup section */

/* Begin PBXNativeTarget section */
		4B2E66572758A9B8002D6278 /* itunes */ = {
			isa = PBXNativeTarget;
			buildConfigurationList = 4B2E667C2758A9BB002D6278 /* Build configuration list for PBXNativeTarget "itunes" */;
			buildPhases = (
				4B2E66542758A9B8002D6278 /* Sources */,
				4B2E66552758A9B8002D6278 /* Frameworks */,
				4B2E66562758A9B8002D6278 /* Resources */,
			);
			buildRules = (
			);
			dependencies = (
			);
			name = itunes;
			packageProductDependencies = (
				4BE4601A2758B491002680FF /* Alamofire */,
			);
			productName = itunes;
			productReference = 4B2E66582758A9B8002D6278 /* itunes.app */;
			productType = "com.apple.product-type.application";
		};
		4B2E66672758A9BB002D6278 /* itunesTests */ = {
			isa = PBXNativeTarget;
			buildConfigurationList = 4B2E667F2758A9BB002D6278 /* Build configuration list for PBXNativeTarget "itunesTests" */;
			buildPhases = (
				4B2E66642758A9BB002D6278 /* Sources */,
				4B2E66652758A9BB002D6278 /* Frameworks */,
				4B2E66662758A9BB002D6278 /* Resources */,
			);
			buildRules = (
			);
			dependencies = (
				4B2E666A2758A9BB002D6278 /* PBXTargetDependency */,
			);
			name = itunesTests;
			productName = itunesTests;
			productReference = 4B2E66682758A9BB002D6278 /* itunesTests.xctest */;
			productType = "com.apple.product-type.bundle.unit-test";
		};
		4B2E66712758A9BB002D6278 /* itunesUITests */ = {
			isa = PBXNativeTarget;
			buildConfigurationList = 4B2E66822758A9BB002D6278 /* Build configuration list for PBXNativeTarget "itunesUITests" */;
			buildPhases = (
				4B2E666E2758A9BB002D6278 /* Sources */,
				4B2E666F2758A9BB002D6278 /* Frameworks */,
				4B2E66702758A9BB002D6278 /* Resources */,
			);
			buildRules = (
			);
			dependencies = (
				4B2E66742758A9BB002D6278 /* PBXTargetDependency */,
			);
			name = itunesUITests;
			productName = itunesUITests;
			productReference = 4B2E66722758A9BB002D6278 /* itunesUITests.xctest */;
			productType = "com.apple.product-type.bundle.ui-testing";
		};
/* End PBXNativeTarget section */

/* Begin PBXProject section */
		4B2E66502758A9B8002D6278 /* Project object */ = {
			isa = PBXProject;
			attributes = {
				BuildIndependentTargetsInParallel = 1;
				LastSwiftUpdateCheck = 1300;
				LastUpgradeCheck = 1300;
				TargetAttributes = {
					4B2E66572758A9B8002D6278 = {
						CreatedOnToolsVersion = 13.0;
					};
					4B2E66672758A9BB002D6278 = {
						CreatedOnToolsVersion = 13.0;
						LastSwiftMigration = 1300;
						TestTargetID = 4B2E66572758A9B8002D6278;
					};
					4B2E66712758A9BB002D6278 = {
						CreatedOnToolsVersion = 13.0;
						TestTargetID = 4B2E66572758A9B8002D6278;
					};
				};
			};
			buildConfigurationList = 4B2E66532758A9B8002D6278 /* Build configuration list for PBXProject "itunes" */;
			compatibilityVersion = "Xcode 13.0";
			developmentRegion = en;
			hasScannedForEncodings = 0;
			knownRegions = (
				en,
				Base,
			);
			mainGroup = 4B2E664F2758A9B8002D6278;
			packageReferences = (
				4BE460192758B491002680FF /* XCRemoteSwiftPackageReference "Alamofire" */,
			);
			productRefGroup = 4B2E66592758A9B8002D6278 /* Products */;
			projectDirPath = "";
			projectRoot = "";
			targets = (
				4B2E66572758A9B8002D6278 /* itunes */,
				4B2E66672758A9BB002D6278 /* itunesTests */,
				4B2E66712758A9BB002D6278 /* itunesUITests */,
			);
		};
/* End PBXProject section */

/* Begin PBXResourcesBuildPhase section */
		4B2E66562758A9B8002D6278 /* Resources */ = {
			isa = PBXResourcesBuildPhase;
			buildActionMask = 2147483647;
			files = (
				4B2E66632758A9BB002D6278 /* Preview Assets.xcassets in Resources */,
				4B2E66602758A9BB002D6278 /* Assets.xcassets in Resources */,
			);
			runOnlyForDeploymentPostprocessing = 0;
		};
		4B2E66662758A9BB002D6278 /* Resources */ = {
			isa = PBXResourcesBuildPhase;
			buildActionMask = 2147483647;
			files = (
			);
			runOnlyForDeploymentPostprocessing = 0;
		};
		4B2E66702758A9BB002D6278 /* Resources */ = {
			isa = PBXResourcesBuildPhase;
			buildActionMask = 2147483647;
			files = (
			);
			runOnlyForDeploymentPostprocessing = 0;
		};
/* End PBXResourcesBuildPhase section */

/* Begin PBXSourcesBuildPhase section */
		4B2E66542758A9B8002D6278 /* Sources */ = {
			isa = PBXSourcesBuildPhase;
			buildActionMask = 2147483647;
			files = (
				4B2E665E2758A9B8002D6278 /* ContentView.swift in Sources */,
				4BE460182758B22C002680FF /* Items.swift in Sources */,
				4B2E665C2758A9B8002D6278 /* itunesApp.swift in Sources */,
			);
			runOnlyForDeploymentPostprocessing = 0;
		};
		4B2E66642758A9BB002D6278 /* Sources */ = {
			isa = PBXSourcesBuildPhase;
			buildActionMask = 2147483647;
			files = (
				4BE460152758B0EA002680FF /* ItemsStructTests.swift in Sources */,
			);
			runOnlyForDeploymentPostprocessing = 0;
		};
		4B2E666E2758A9BB002D6278 /* Sources */ = {
			isa = PBXSourcesBuildPhase;
			buildActionMask = 2147483647;
			files = (
				4B2E66792758A9BB002D6278 /* itunesUITestsLaunchTests.swift in Sources */,
				4B2E66772758A9BB002D6278 /* itunesUITests.swift in Sources */,
			);
			runOnlyForDeploymentPostprocessing = 0;
		};
/* End PBXSourcesBuildPhase section */

/* Begin PBXTargetDependency section */
		4B2E666A2758A9BB002D6278 /* PBXTargetDependency */ = {
			isa = PBXTargetDependency;
			target = 4B2E66572758A9B8002D6278 /* itunes */;
			targetProxy = 4B2E66692758A9BB002D6278 /* PBXContainerItemProxy */;
		};
		4B2E66742758A9BB002D6278 /* PBXTargetDependency */ = {
			isa = PBXTargetDependency;
			target = 4B2E66572758A9B8002D6278 /* itunes */;
			targetProxy = 4B2E66732758A9BB002D6278 /* PBXContainerItemProxy */;
		};
/* End PBXTargetDependency section */

/* Begin XCBuildConfiguration section */
		4B2E667A2758A9BB002D6278 /* Debug */ = {
			isa = XCBuildConfiguration;
			buildSettings = {
				ALWAYS_SEARCH_USER_PATHS = NO;
				CLANG_ANALYZER_NONNULL = YES;
				CLANG_ANALYZER_NUMBER_OBJECT_CONVERSION = YES_AGGRESSIVE;
				CLANG_CXX_LANGUAGE_STANDARD = "gnu++17";
				CLANG_CXX_LIBRARY = "libc++";
				CLANG_ENABLE_MODULES = YES;
				CLANG_ENABLE_OBJC_ARC = YES;
				CLANG_ENABLE_OBJC_WEAK = YES;
				CLANG_WARN_BLOCK_CAPTURE_AUTORELEASING = YES;
				CLANG_WARN_BOOL_CONVERSION = YES;
				CLANG_WARN_COMMA = YES;
				CLANG_WARN_CONSTANT_CONVERSION = YES;
				CLANG_WARN_DEPRECATED_OBJC_IMPLEMENTATIONS = YES;
				CLANG_WARN_DIRECT_OBJC_ISA_USAGE = YES_ERROR;
				CLANG_WARN_DOCUMENTATION_COMMENTS = YES;
				CLANG_WARN_EMPTY_BODY = YES;
				CLANG_WARN_ENUM_CONVERSION = YES;
				CLANG_WARN_INFINITE_RECURSION = YES;
				CLANG_WARN_INT_CONVERSION = YES;
				CLANG_WARN_NON_LITERAL_NULL_CONVERSION = YES;
				CLANG_WARN_OBJC_IMPLICIT_RETAIN_SELF = YES;
				CLANG_WARN_OBJC_LITERAL_CONVERSION = YES;
				CLANG_WARN_OBJC_ROOT_CLASS = YES_ERROR;
				CLANG_WARN_QUOTED_INCLUDE_IN_FRAMEWORK_HEADER = YES;
				CLANG_WARN_RANGE_LOOP_ANALYSIS = YES;
				CLANG_WARN_STRICT_PROTOTYPES = YES;
				CLANG_WARN_SUSPICIOUS_MOVE = YES;
				CLANG_WARN_UNGUARDED_AVAILABILITY = YES_AGGRESSIVE;
				CLANG_WARN_UNREACHABLE_CODE = YES;
				CLANG_WARN__DUPLICATE_METHOD_MATCH = YES;
				COPY_PHASE_STRIP = NO;
				DEBUG_INFORMATION_FORMAT = dwarf;
				ENABLE_STRICT_OBJC_MSGSEND = YES;
				ENABLE_TESTABILITY = YES;
				GCC_C_LANGUAGE_STANDARD = gnu11;
				GCC_DYNAMIC_NO_PIC = NO;
				GCC_NO_COMMON_BLOCKS = YES;
				GCC_OPTIMIZATION_LEVEL = 0;
				GCC_PREPROCESSOR_DEFINITIONS = (
					"DEBUG=1",
					"$(inherited)",
				);
				GCC_WARN_64_TO_32_BIT_CONVERSION = YES;
				GCC_WARN_ABOUT_RETURN_TYPE = YES_ERROR;
				GCC_WARN_UNDECLARED_SELECTOR = YES;
				GCC_WARN_UNINITIALIZED_AUTOS = YES_AGGRESSIVE;
				GCC_WARN_UNUSED_FUNCTION = YES;
				GCC_WARN_UNUSED_VARIABLE = YES;
				IPHONEOS_DEPLOYMENT_TARGET = 15.0;
				MTL_ENABLE_DEBUG_INFO = INCLUDE_SOURCE;
				MTL_FAST_MATH = YES;
				ONLY_ACTIVE_ARCH = YES;
				SDKROOT = iphoneos;
				SWIFT_ACTIVE_COMPILATION_CONDITIONS = DEBUG;
				SWIFT_OPTIMIZATION_LEVEL = "-Onone";
			};
			name = Debug;
		};
		4B2E667B2758A9BB002D6278 /* Release */ = {
			isa = XCBuildConfiguration;
			buildSettings = {
				ALWAYS_SEARCH_USER_PATHS = NO;
				CLANG_ANALYZER_NONNULL = YES;
				CLANG_ANALYZER_NUMBER_OBJECT_CONVERSION = YES_AGGRESSIVE;
				CLANG_CXX_LANGUAGE_STANDARD = "gnu++17";
				CLANG_CXX_LIBRARY = "libc++";
				CLANG_ENABLE_MODULES = YES;
				CLANG_ENABLE_OBJC_ARC = YES;
				CLANG_ENABLE_OBJC_WEAK = YES;
				CLANG_WARN_BLOCK_CAPTURE_AUTORELEASING = YES;
				CLANG_WARN_BOOL_CONVERSION = YES;
				CLANG_WARN_COMMA = YES;
				CLANG_WARN_CONSTANT_CONVERSION = YES;
				CLANG_WARN_DEPRECATED_OBJC_IMPLEMENTATIONS = YES;
				CLANG_WARN_DIRECT_OBJC_ISA_USAGE = YES_ERROR;
				CLANG_WARN_DOCUMENTATION_COMMENTS = YES;
				CLANG_WARN_EMPTY_BODY = YES;
				CLANG_WARN_ENUM_CONVERSION = YES;
				CLANG_WARN_INFINITE_RECURSION = YES;
				CLANG_WARN_INT_CONVERSION = YES;
				CLANG_WARN_NON_LITERAL_NULL_CONVERSION = YES;
				CLANG_WARN_OBJC_IMPLICIT_RETAIN_SELF = YES;
				CLANG_WARN_OBJC_LITERAL_CONVERSION = YES;
				CLANG_WARN_OBJC_ROOT_CLASS = YES_ERROR;
				CLANG_WARN_QUOTED_INCLUDE_IN_FRAMEWORK_HEADER = YES;
				CLANG_WARN_RANGE_LOOP_ANALYSIS = YES;
				CLANG_WARN_STRICT_PROTOTYPES = YES;
				CLANG_WARN_SUSPICIOUS_MOVE = YES;
				CLANG_WARN_UNGUARDED_AVAILABILITY = YES_AGGRESSIVE;
				CLANG_WARN_UNREACHABLE_CODE = YES;
				CLANG_WARN__DUPLICATE_METHOD_MATCH = YES;
				COPY_PHASE_STRIP = NO;
				DEBUG_INFORMATION_FORMAT = "dwarf-with-dsym";
				ENABLE_NS_ASSERTIONS = NO;
				ENABLE_STRICT_OBJC_MSGSEND = YES;
				GCC_C_LANGUAGE_STANDARD = gnu11;
				GCC_NO_COMMON_BLOCKS = YES;
				GCC_WARN_64_TO_32_BIT_CONVERSION = YES;
				GCC_WARN_ABOUT_RETURN_TYPE = YES_ERROR;
				GCC_WARN_UNDECLARED_SELECTOR = YES;
				GCC_WARN_UNINITIALIZED_AUTOS = YES_AGGRESSIVE;
				GCC_WARN_UNUSED_FUNCTION = YES;
				GCC_WARN_UNUSED_VARIABLE = YES;
				IPHONEOS_DEPLOYMENT_TARGET = 15.0;
				MTL_ENABLE_DEBUG_INFO = NO;
				MTL_FAST_MATH = YES;
				SDKROOT = iphoneos;
				SWIFT_COMPILATION_MODE = wholemodule;
				SWIFT_OPTIMIZATION_LEVEL = "-O";
				VALIDATE_PRODUCT = YES;
			};
			name = Release;
		};
		4B2E667D2758A9BB002D6278 /* Debug */ = {
			isa = XCBuildConfiguration;
			buildSettings = {
				ASSETCATALOG_COMPILER_APPICON_NAME = AppIcon;
				ASSETCATALOG_COMPILER_GLOBAL_ACCENT_COLOR_NAME = AccentColor;
				CODE_SIGN_STYLE = Automatic;
				CURRENT_PROJECT_VERSION = 1;
				DEVELOPMENT_ASSET_PATHS = "\"itunes/Preview Content\"";
				ENABLE_PREVIEWS = YES;
				GENERATE_INFOPLIST_FILE = YES;
				INFOPLIST_KEY_UIApplicationSceneManifest_Generation = YES;
				INFOPLIST_KEY_UIApplicationSupportsIndirectInputEvents = YES;
				INFOPLIST_KEY_UILaunchScreen_Generation = YES;
				INFOPLIST_KEY_UISupportedInterfaceOrientations_iPad = "UIInterfaceOrientationPortrait UIInterfaceOrientationPortraitUpsideDown UIInterfaceOrientationLandscapeLeft UIInterfaceOrientationLandscapeRight";
				INFOPLIST_KEY_UISupportedInterfaceOrientations_iPhone = "UIInterfaceOrientationPortrait UIInterfaceOrientationLandscapeLeft UIInterfaceOrientationLandscapeRight";
				IPHONEOS_DEPLOYMENT_TARGET = 14.0;
				LD_RUNPATH_SEARCH_PATHS = (
					"$(inherited)",
					"@executable_path/Frameworks",
				);
				MARKETING_VERSION = 1.0;
				PRODUCT_BUNDLE_IDENTIFIER = "Jefferson-Miralles.itunes";
				PRODUCT_NAME = "$(TARGET_NAME)";
				SWIFT_EMIT_LOC_STRINGS = YES;
				SWIFT_VERSION = 5.0;
				TARGETED_DEVICE_FAMILY = "1,2";
			};
			name = Debug;
		};
		4B2E667E2758A9BB002D6278 /* Release */ = {
			isa = XCBuildConfiguration;
			buildSettings = {
				ASSETCATALOG_COMPILER_APPICON_NAME = AppIcon;
				ASSETCATALOG_COMPILER_GLOBAL_ACCENT_COLOR_NAME = AccentColor;
				CODE_SIGN_STYLE = Automatic;
				CURRENT_PROJECT_VERSION = 1;
				DEVELOPMENT_ASSET_PATHS = "\"itunes/Preview Content\"";
				ENABLE_PREVIEWS = YES;
				GENERATE_INFOPLIST_FILE = YES;
				INFOPLIST_KEY_UIApplicationSceneManifest_Generation = YES;
				INFOPLIST_KEY_UIApplicationSupportsIndirectInputEvents = YES;
				INFOPLIST_KEY_UILaunchScreen_Generation = YES;
				INFOPLIST_KEY_UISupportedInterfaceOrientations_iPad = "UIInterfaceOrientationPortrait UIInterfaceOrientationPortraitUpsideDown UIInterfaceOrientationLandscapeLeft UIInterfaceOrientationLandscapeRight";
				INFOPLIST_KEY_UISupportedInterfaceOrientations_iPhone = "UIInterfaceOrientationPortrait UIInterfaceOrientationLandscapeLeft UIInterfaceOrientationLandscapeRight";
				IPHONEOS_DEPLOYMENT_TARGET = 14.0;
				LD_RUNPATH_SEARCH_PATHS = (
					"$(inherited)",
					"@executable_path/Frameworks",
				);
				MARKETING_VERSION = 1.0;
				PRODUCT_BUNDLE_IDENTIFIER = "Jefferson-Miralles.itunes";
				PRODUCT_NAME = "$(TARGET_NAME)";
				SWIFT_EMIT_LOC_STRINGS = YES;
				SWIFT_VERSION = 5.0;
				TARGETED_DEVICE_FAMILY = "1,2";
			};
			name = Release;
		};
		4B2E66802758A9BB002D6278 /* Debug */ = {
			isa = XCBuildConfiguration;
			buildSettings = {
				ALWAYS_EMBED_SWIFT_STANDARD_LIBRARIES = YES;
				BUNDLE_LOADER = "$(TEST_HOST)";
				CLANG_ENABLE_MODULES = YES;
				CODE_SIGN_STYLE = Automatic;
				CURRENT_PROJECT_VERSION = 1;
				GENERATE_INFOPLIST_FILE = YES;
				IPHONEOS_DEPLOYMENT_TARGET = 14.0;
				LD_RUNPATH_SEARCH_PATHS = (
					"$(inherited)",
					"@executable_path/Frameworks",
					"@loader_path/Frameworks",
				);
				MARKETING_VERSION = 1.0;
				PRODUCT_BUNDLE_IDENTIFIER = "Jefferson-Miralles.itunesTests";
				PRODUCT_NAME = "$(TARGET_NAME)";
				SWIFT_EMIT_LOC_STRINGS = NO;
				SWIFT_OPTIMIZATION_LEVEL = "-Onone";
				SWIFT_VERSION = 5.0;
				TARGETED_DEVICE_FAMILY = "1,2";
				TEST_HOST = "$(BUILT_PRODUCTS_DIR)/itunes.app/itunes";
			};
			name = Debug;
		};
		4B2E66812758A9BB002D6278 /* Release */ = {
			isa = XCBuildConfiguration;
			buildSettings = {
				ALWAYS_EMBED_SWIFT_STANDARD_LIBRARIES = YES;
				BUNDLE_LOADER = "$(TEST_HOST)";
				CLANG_ENABLE_MODULES = YES;
				CODE_SIGN_STYLE = Automatic;
				CURRENT_PROJECT_VERSION = 1;
				GENERATE_INFOPLIST_FILE = YES;
				IPHONEOS_DEPLOYMENT_TARGET = 14.0;
				LD_RUNPATH_SEARCH_PATHS = (
					"$(inherited)",
					"@executable_path/Frameworks",
					"@loader_path/Frameworks",
				);
				MARKETING_VERSION = 1.0;
				PRODUCT_BUNDLE_IDENTIFIER = "Jefferson-Miralles.itunesTests";
				PRODUCT_NAME = "$(TARGET_NAME)";
				SWIFT_EMIT_LOC_STRINGS = NO;
				SWIFT_VERSION = 5.0;
				TARGETED_DEVICE_FAMILY = "1,2";
				TEST_HOST = "$(BUILT_PRODUCTS_DIR)/itunes.app/itunes";
			};
			name = Release;
		};
		4B2E66832758A9BB002D6278 /* Debug */ = {
			isa = XCBuildConfiguration;
			buildSettings = {
				ALWAYS_EMBED_SWIFT_STANDARD_LIBRARIES = YES;
				CODE_SIGN_STYLE = Automatic;
				CURRENT_PROJECT_VERSION = 1;
				GENERATE_INFOPLIST_FILE = YES;
				LD_RUNPATH_SEARCH_PATHS = (
					"$(inherited)",
					"@executable_path/Frameworks",
					"@loader_path/Frameworks",
				);
				MARKETING_VERSION = 1.0;
				PRODUCT_BUNDLE_IDENTIFIER = "Jefferson-Miralles.itunesUITests";
				PRODUCT_NAME = "$(TARGET_NAME)";
				SWIFT_EMIT_LOC_STRINGS = NO;
				SWIFT_VERSION = 5.0;
				TARGETED_DEVICE_FAMILY = "1,2";
				TEST_TARGET_NAME = itunes;
			};
			name = Debug;
		};
		4B2E66842758A9BB002D6278 /* Release */ = {
			isa = XCBuildConfiguration;
			buildSettings = {
				ALWAYS_EMBED_SWIFT_STANDARD_LIBRARIES = YES;
				CODE_SIGN_STYLE = Automatic;
				CURRENT_PROJECT_VERSION = 1;
				GENERATE_INFOPLIST_FILE = YES;
				LD_RUNPATH_SEARCH_PATHS = (
					"$(inherited)",
					"@executable_path/Frameworks",
					"@loader_path/Frameworks",
				);
				MARKETING_VERSION = 1.0;
				PRODUCT_BUNDLE_IDENTIFIER = "Jefferson-Miralles.itunesUITests";
				PRODUCT_NAME = "$(TARGET_NAME)";
				SWIFT_EMIT_LOC_STRINGS = NO;
				SWIFT_VERSION = 5.0;
				TARGETED_DEVICE_FAMILY = "1,2";
				TEST_TARGET_NAME = itunes;
			};
			name = Release;
		};
/* End XCBuildConfiguration section */

/* Begin XCConfigurationList section */
		4B2E66532758A9B8002D6278 /* Build configuration list for PBXProject "itunes" */ = {
			isa = XCConfigurationList;
			buildConfigurations = (
				4B2E667A2758A9BB002D6278 /* Debug */,
				4B2E667B2758A9BB002D6278 /* Release */,
			);
			defaultConfigurationIsVisible = 0;
			defaultConfigurationName = Release;
		};
		4B2E667C2758A9BB002D6278 /* Build configuration list for PBXNativeTarget "itunes" */ = {
			isa = XCConfigurationList;
			buildConfigurations = (
				4B2E667D2758A9BB002D6278 /* Debug */,
				4B2E667E2758A9BB002D6278 /* Release */,
			);
			defaultConfigurationIsVisible = 0;
			defaultConfigurationName = Release;
		};
		4B2E667F2758A9BB002D6278 /* Build configuration list for PBXNativeTarget "itunesTests" */ = {
			isa = XCConfigurationList;
			buildConfigurations = (
				4B2E66802758A9BB002D6278 /* Debug */,
				4B2E66812758A9BB002D6278 /* Release */,
			);
			defaultConfigurationIsVisible = 0;
			defaultConfigurationName = Release;
		};
		4B2E66822758A9BB002D6278 /* Build configuration list for PBXNativeTarget "itunesUITests" */ = {
			isa = XCConfigurationList;
			buildConfigurations = (
				4B2E66832758A9BB002D6278 /* Debug */,
				4B2E66842758A9BB002D6278 /* Release */,
			);
			defaultConfigurationIsVisible = 0;
			defaultConfigurationName = Release;
		};
/* End XCConfigurationList section */

/* Begin XCRemoteSwiftPackageReference section */
		4BE460192758B491002680FF /* XCRemoteSwiftPackageReference "Alamofire" */ = {
			isa = XCRemoteSwiftPackageReference;
			repositoryURL = "https://github.com/Alamofire/Alamofire.git";
			requirement = {
				kind = upToNextMajorVersion;
				minimumVersion = 5.0.0;
			};
		};
/* End XCRemoteSwiftPackageReference section */

/* Begin XCSwiftPackageProductDependency section */
		4BE4601A2758B491002680FF /* Alamofire */ = {
			isa = XCSwiftPackageProductDependency;
			package = 4BE460192758B491002680FF /* XCRemoteSwiftPackageReference "Alamofire" */;
			productName = Alamofire;
		};
/* End XCSwiftPackageProductDependency section */
	};
	rootObject = 4B2E66502758A9B8002D6278 /* Project object */;
}
